
Microsoft Visual Studio Solution File, Format Version 12.00
# Visual Studio Version 17
VisualStudioVersion = 17.6.33829.357
MinimumVisualStudioVersion = 10.0.40219.1
Project("{FAE04EC0-301F-11D3-BF4B-00C04F79EFBC}") = "Matching", "Matching.csproj", "{7C6661F3-0143-4E65-B1E5-1BB758504A2A}"
EndProject
Global
	GlobalSection(SolutionConfigurationPlatforms) = preSolution
		Debug|Any CPU = Debug|Any CPU
		Release|Any CPU = Release|Any CPU
	EndGlobalSection
	GlobalSection(ProjectConfigurationPlatforms) = postSolution
		{7C6661F3-0143-4E65-B1E5-1BB758504A2A}.Debug|Any CPU.ActiveCfg = Debug|Any CPU
		{7C6661F3-0143-4E65-B1E5-1BB758504A2A}.Debug|Any CPU.Build.0 = Debug|Any CPU
		{7C6661F3-0143-4E65-B1E5-1BB758504A2A}.Release|Any CPU.ActiveCfg = Release|Any CPU
		{7C6661F3-0143-4E65-B1E5-1BB758504A2A}.Release|Any CPU.Build.0 = Release|Any CPU
	EndGlobalSection
	GlobalSection(SolutionProperties) = preSolution
		HideSolutionNode = FALSE
	EndGlobalSection
	GlobalSection(ExtensibilityGlobals) = postSolution
		SolutionGuid = {986A1501-30CA-4565-9FB6-A17F68579DD5}
	EndGlobalSection
EndGlobal
